
Microsoft Visual Studio Solution File, Format Version 12.00
# Visual Studio Version 17
VisualStudioVersion = 17.3.32929.385
MinimumVisualStudioVersion = 10.0.40219.1
Project("{FAE04EC0-301F-11D3-BF4B-00C04F79EFBC}") = "Setul 1 Probleme", "Setul 1 Probleme\Setul 1 Probleme.csproj", "{71A50285-1AE1-4FB0-A402-5A6BA43926FD}"
EndProject
Global
	GlobalSection(SolutionConfigurationPlatforms) = preSolution
		Debug|Any CPU = Debug|Any CPU
		Release|Any CPU = Release|Any CPU
	EndGlobalSection
	GlobalSection(ProjectConfigurationPlatforms) = postSolution
		{71A50285-1AE1-4FB0-A402-5A6BA43926FD}.Debug|Any CPU.ActiveCfg = Debug|Any CPU
		{71A50285-1AE1-4FB0-A402-5A6BA43926FD}.Debug|Any CPU.Build.0 = Debug|Any CPU
		{71A50285-1AE1-4FB0-A402-5A6BA43926FD}.Release|Any CPU.ActiveCfg = Release|Any CPU
		{71A50285-1AE1-4FB0-A402-5A6BA43926FD}.Release|Any CPU.Build.0 = Release|Any CPU
	EndGlobalSection
	GlobalSection(SolutionProperties) = preSolution
		HideSolutionNode = FALSE
	EndGlobalSection
	GlobalSection(ExtensibilityGlobals) = postSolution
		SolutionGuid = {570AECA4-6263-417A-ABF4-7017670FF0CD}
	EndGlobalSection
EndGlobal
